{
  "name": "cc2145a2fe1558fa",
  "lockfileVersion": 3,
  "requires": true,
  "packages": {
    "": {
      "dependencies": {
        "create-next-app": "^16.0.2"
      }
    },
    "node_modules/create-next-app": {
      "version": "16.0.2",
      "resolved": "https://registry.npmjs.org/create-next-app/-/create-next-app-16.0.2.tgz",
      "integrity": "sha512-J0wMsGqJeHTtRVaBAL/FmCgscwBtZwIhYU6zdKNBBtE48bgH6agGTUGIm6PRCtc5Tgz0c4KQrPH2+bqZQyKPAg==",
      "license": "MIT",
      "bin": {
        "create-next-app": "dist/index.js"
      },
      "engines": {
        "node": ">=20.9.0"
      }
    }
  }
}
